
Microsoft Visual Studio Solution File, Format Version 12.00
# Visual Studio Version 17
VisualStudioVersion = 17.10.35013.160
MinimumVisualStudioVersion = 10.0.40219.1
Project("{FAE04EC0-301F-11D3-BF4B-00C04F79EFBC}") = "WebApplication1", "WebApplication1\WebApplication1.csproj", "{F708227B-46C3-4581-BAD4-752D7113F4EA}"
EndProject
Global
	GlobalSection(SolutionConfigurationPlatforms) = preSolution
		Debug|Any CPU = Debug|Any CPU
		Release|Any CPU = Release|Any CPU
	EndGlobalSection
	GlobalSection(ProjectConfigurationPlatforms) = postSolution
		{F708227B-46C3-4581-BAD4-752D7113F4EA}.Debug|Any CPU.ActiveCfg = Debug|Any CPU
		{F708227B-46C3-4581-BAD4-752D7113F4EA}.Debug|Any CPU.Build.0 = Debug|Any CPU
		{F708227B-46C3-4581-BAD4-752D7113F4EA}.Release|Any CPU.ActiveCfg = Release|Any CPU
		{F708227B-46C3-4581-BAD4-752D7113F4EA}.Release|Any CPU.Build.0 = Release|Any CPU
	EndGlobalSection
	GlobalSection(SolutionProperties) = preSolution
		HideSolutionNode = FALSE
	EndGlobalSection
	GlobalSection(ExtensibilityGlobals) = postSolution
		SolutionGuid = {9806E917-666F-4E88-AD87-EB87792B88EF}
	EndGlobalSection
EndGlobal
